
Microsoft Visual Studio Solution File, Format Version 12.00
Project("{FAE04EC0-301F-11D3-BF4B-00C04F79EFBC}") = "SpendingTracker.Domain", "SpendingTracker.Domain\SpendingTracker.Domain.csproj", "{5C177ED6-D3E6-40C7-9A99-E40C3A19FA87}"
EndProject
Project("{FAE04EC0-301F-11D3-BF4B-00C04F79EFBC}") = "SpendingTracker.Dispatcher", "SpendingTracker.Dispatcher\SpendingTracker.Dispatcher.csproj", "{59CDB69D-C589-48D5-A4F4-9B9453CBF38F}"
EndProject
Project("{FAE04EC0-301F-11D3-BF4B-00C04F79EFBC}") = "SpendingTracker.Common", "SpendingTracker.Common\SpendingTracker.Common.csproj", "{50C4920B-A376-4DFE-80AF-4470B4AD70F4}"
EndProject
Project("{FAE04EC0-301F-11D3-BF4B-00C04F79EFBC}") = "SpendingTracker.Infrastructure", "SpendingTracker.Infrastructure\SpendingTracker.Infrastructure.csproj", "{81356564-451B-49A0-BE05-C2C2BEB16BDB}"
EndProject
Project("{2150E333-8FDC-42A3-9474-1A3956D46DE8}") = "SoluitionItems", "SoluitionItems", "{9CA16F2A-49DE-4546-ABF9-4FC70CB3B93F}"
	ProjectSection(SolutionItems) = preProject
		..\TODO.txt = ..\TODO.txt
		..\Commands.txt = ..\Commands.txt
	EndProjectSection
EndProject
Project("{FAE04EC0-301F-11D3-BF4B-00C04F79EFBC}") = "SpendingTracker.Infrastructure.Abstractions", "SpendingTracker.Infrastructure.Abstractions\SpendingTracker.Infrastructure.Abstractions.csproj", "{D8E8017D-C73F-4528-A234-6B4B63DF4FF1}"
EndProject
Project("{FAE04EC0-301F-11D3-BF4B-00C04F79EFBC}") = "SpendingTracker.GenericSubDomain", "SpendingTracker.GenericSubDomain\SpendingTracker.GenericSubDomain.csproj", "{AA480E50-14FC-4899-AAC5-6DFA0AF7E7AB}"
EndProject
Project("{FAE04EC0-301F-11D3-BF4B-00C04F79EFBC}") = "SpendingTracker.WebApp", "SpendingTracker.WebApp\SpendingTracker.WebApp.csproj", "{769C77E3-B08F-4780-A40B-64FF286D5106}"
EndProject
Project("{2150E333-8FDC-42A3-9474-1A3956D46DE8}") = "Presentation", "Presentation", "{F52A81D6-AA00-4711-81DA-FC08C463B8ED}"
EndProject
Project("{FAE04EC0-301F-11D3-BF4B-00C04F79EFBC}") = "SpendingTracker.Application", "SpendingTracker.Application\SpendingTracker.Application.csproj", "{DEFCCF6D-3757-4AE6-9E95-435720816503}"
EndProject
Project("{2150E333-8FDC-42A3-9474-1A3956D46DE8}") = "Common", "Common", "{89B797E0-03B9-4021-8F5F-FD4520193272}"
EndProject
Project("{FAE04EC0-301F-11D3-BF4B-00C04F79EFBC}") = "SpendingTracker.BearerTokenAuth", "SpendingTracker.BearerTokenAuth\SpendingTracker.BearerTokenAuth.csproj", "{4A28C648-B8B4-4574-BCC8-0828F8B939A0}"
EndProject
Project("{FAE04EC0-301F-11D3-BF4B-00C04F79EFBC}") = "SpendingTracker.CurrencyRate", "SpendingTracker.CurrencyRate\SpendingTracker.CurrencyRate.csproj", "{CEF6143E-52C5-4848-B9AA-92C3A1F51341}"
EndProject
Project("{2150E333-8FDC-42A3-9474-1A3956D46DE8}") = "Clients", "Clients", "{EA1B95C8-1AA0-4C3C-83B1-4071BA9FE284}"
EndProject
Project("{FAE04EC0-301F-11D3-BF4B-00C04F79EFBC}") = "SpendingTracker.FixerApiClient", "SpendingTracker.FixerApiClient\SpendingTracker.FixerApiClient.csproj", "{3B50218D-8B95-422C-BC29-8200D02450E5}"
EndProject
Project("{FAE04EC0-301F-11D3-BF4B-00C04F79EFBC}") = "SpendingTracker.ApiClient", "SpendingTracker.ApiClient\SpendingTracker.ApiClient.csproj", "{E63C4F08-B9F6-4A93-A95B-3E8BCF18BBEF}"
EndProject
Project("{2150E333-8FDC-42A3-9474-1A3956D46DE8}") = "Tests", "Tests", "{9079D1AE-A9EB-4373-B83B-76ABFEF93773}"
EndProject
Project("{FAE04EC0-301F-11D3-BF4B-00C04F79EFBC}") = "SpendingTracker.TelegramBot.Tests", "SpendingTracker.TelegramBot.Tests\SpendingTracker.TelegramBot.Tests.csproj", "{8E07E3B2-2C92-4A97-B8F0-C485CB5DA8C3}"
EndProject
Project("{FAE04EC0-301F-11D3-BF4B-00C04F79EFBC}") = "SpendingTracker.TelegramBot", "SpendingTracker.TelegramBot\SpendingTracker.TelegramBot.csproj", "{D0AD8A97-2C5A-4BEC-8664-CB41FF334A3A}"
EndProject
Project("{FAE04EC0-301F-11D3-BF4B-00C04F79EFBC}") = "SpendingTracker.TelegramBot.Internal", "SpendingTracker.TelegramBot.Internal\SpendingTracker.TelegramBot.Internal.csproj", "{9EB7D24D-C74A-4C26-A012-6B70A5CC1D2C}"
EndProject
Global
	GlobalSection(SolutionConfigurationPlatforms) = preSolution
		Debug|Any CPU = Debug|Any CPU
		Release|Any CPU = Release|Any CPU
	EndGlobalSection
	GlobalSection(ProjectConfigurationPlatforms) = postSolution
		{5C177ED6-D3E6-40C7-9A99-E40C3A19FA87}.Debug|Any CPU.ActiveCfg = Debug|Any CPU
		{5C177ED6-D3E6-40C7-9A99-E40C3A19FA87}.Debug|Any CPU.Build.0 = Debug|Any CPU
		{5C177ED6-D3E6-40C7-9A99-E40C3A19FA87}.Release|Any CPU.ActiveCfg = Release|Any CPU
		{5C177ED6-D3E6-40C7-9A99-E40C3A19FA87}.Release|Any CPU.Build.0 = Release|Any CPU
		{59CDB69D-C589-48D5-A4F4-9B9453CBF38F}.Debug|Any CPU.ActiveCfg = Debug|Any CPU
		{59CDB69D-C589-48D5-A4F4-9B9453CBF38F}.Debug|Any CPU.Build.0 = Debug|Any CPU
		{59CDB69D-C589-48D5-A4F4-9B9453CBF38F}.Release|Any CPU.ActiveCfg = Release|Any CPU
		{59CDB69D-C589-48D5-A4F4-9B9453CBF38F}.Release|Any CPU.Build.0 = Release|Any CPU
		{50C4920B-A376-4DFE-80AF-4470B4AD70F4}.Debug|Any CPU.ActiveCfg = Debug|Any CPU
		{50C4920B-A376-4DFE-80AF-4470B4AD70F4}.Debug|Any CPU.Build.0 = Debug|Any CPU
		{50C4920B-A376-4DFE-80AF-4470B4AD70F4}.Release|Any CPU.ActiveCfg = Release|Any CPU
		{50C4920B-A376-4DFE-80AF-4470B4AD70F4}.Release|Any CPU.Build.0 = Release|Any CPU
		{81356564-451B-49A0-BE05-C2C2BEB16BDB}.Debug|Any CPU.ActiveCfg = Debug|Any CPU
		{81356564-451B-49A0-BE05-C2C2BEB16BDB}.Debug|Any CPU.Build.0 = Debug|Any CPU
		{81356564-451B-49A0-BE05-C2C2BEB16BDB}.Release|Any CPU.ActiveCfg = Release|Any CPU
		{81356564-451B-49A0-BE05-C2C2BEB16BDB}.Release|Any CPU.Build.0 = Release|Any CPU
		{D8E8017D-C73F-4528-A234-6B4B63DF4FF1}.Debug|Any CPU.ActiveCfg = Debug|Any CPU
		{D8E8017D-C73F-4528-A234-6B4B63DF4FF1}.Debug|Any CPU.Build.0 = Debug|Any CPU
		{D8E8017D-C73F-4528-A234-6B4B63DF4FF1}.Release|Any CPU.ActiveCfg = Release|Any CPU
		{D8E8017D-C73F-4528-A234-6B4B63DF4FF1}.Release|Any CPU.Build.0 = Release|Any CPU
		{AA480E50-14FC-4899-AAC5-6DFA0AF7E7AB}.Debug|Any CPU.ActiveCfg = Debug|Any CPU
		{AA480E50-14FC-4899-AAC5-6DFA0AF7E7AB}.Debug|Any CPU.Build.0 = Debug|Any CPU
		{AA480E50-14FC-4899-AAC5-6DFA0AF7E7AB}.Release|Any CPU.ActiveCfg = Release|Any CPU
		{AA480E50-14FC-4899-AAC5-6DFA0AF7E7AB}.Release|Any CPU.Build.0 = Release|Any CPU
		{769C77E3-B08F-4780-A40B-64FF286D5106}.Debug|Any CPU.ActiveCfg = Debug|Any CPU
		{769C77E3-B08F-4780-A40B-64FF286D5106}.Debug|Any CPU.Build.0 = Debug|Any CPU
		{769C77E3-B08F-4780-A40B-64FF286D5106}.Release|Any CPU.ActiveCfg = Release|Any CPU
		{769C77E3-B08F-4780-A40B-64FF286D5106}.Release|Any CPU.Build.0 = Release|Any CPU
		{DEFCCF6D-3757-4AE6-9E95-435720816503}.Debug|Any CPU.ActiveCfg = Debug|Any CPU
		{DEFCCF6D-3757-4AE6-9E95-435720816503}.Debug|Any CPU.Build.0 = Debug|Any CPU
		{DEFCCF6D-3757-4AE6-9E95-435720816503}.Release|Any CPU.ActiveCfg = Release|Any CPU
		{DEFCCF6D-3757-4AE6-9E95-435720816503}.Release|Any CPU.Build.0 = Release|Any CPU
		{4A28C648-B8B4-4574-BCC8-0828F8B939A0}.Debug|Any CPU.ActiveCfg = Debug|Any CPU
		{4A28C648-B8B4-4574-BCC8-0828F8B939A0}.Debug|Any CPU.Build.0 = Debug|Any CPU
		{4A28C648-B8B4-4574-BCC8-0828F8B939A0}.Release|Any CPU.ActiveCfg = Release|Any CPU
		{4A28C648-B8B4-4574-BCC8-0828F8B939A0}.Release|Any CPU.Build.0 = Release|Any CPU
		{CEF6143E-52C5-4848-B9AA-92C3A1F51341}.Debug|Any CPU.ActiveCfg = Debug|Any CPU
		{CEF6143E-52C5-4848-B9AA-92C3A1F51341}.Debug|Any CPU.Build.0 = Debug|Any CPU
		{CEF6143E-52C5-4848-B9AA-92C3A1F51341}.Release|Any CPU.ActiveCfg = Release|Any CPU
		{CEF6143E-52C5-4848-B9AA-92C3A1F51341}.Release|Any CPU.Build.0 = Release|Any CPU
		{3B50218D-8B95-422C-BC29-8200D02450E5}.Debug|Any CPU.ActiveCfg = Debug|Any CPU
		{3B50218D-8B95-422C-BC29-8200D02450E5}.Debug|Any CPU.Build.0 = Debug|Any CPU
		{3B50218D-8B95-422C-BC29-8200D02450E5}.Release|Any CPU.ActiveCfg = Release|Any CPU
		{3B50218D-8B95-422C-BC29-8200D02450E5}.Release|Any CPU.Build.0 = Release|Any CPU
		{E63C4F08-B9F6-4A93-A95B-3E8BCF18BBEF}.Debug|Any CPU.ActiveCfg = Debug|Any CPU
		{E63C4F08-B9F6-4A93-A95B-3E8BCF18BBEF}.Debug|Any CPU.Build.0 = Debug|Any CPU
		{E63C4F08-B9F6-4A93-A95B-3E8BCF18BBEF}.Release|Any CPU.ActiveCfg = Release|Any CPU
		{E63C4F08-B9F6-4A93-A95B-3E8BCF18BBEF}.Release|Any CPU.Build.0 = Release|Any CPU
		{8E07E3B2-2C92-4A97-B8F0-C485CB5DA8C3}.Debug|Any CPU.ActiveCfg = Debug|Any CPU
		{8E07E3B2-2C92-4A97-B8F0-C485CB5DA8C3}.Debug|Any CPU.Build.0 = Debug|Any CPU
		{8E07E3B2-2C92-4A97-B8F0-C485CB5DA8C3}.Release|Any CPU.ActiveCfg = Release|Any CPU
		{8E07E3B2-2C92-4A97-B8F0-C485CB5DA8C3}.Release|Any CPU.Build.0 = Release|Any CPU
		{D0AD8A97-2C5A-4BEC-8664-CB41FF334A3A}.Debug|Any CPU.ActiveCfg = Debug|Any CPU
		{D0AD8A97-2C5A-4BEC-8664-CB41FF334A3A}.Debug|Any CPU.Build.0 = Debug|Any CPU
		{D0AD8A97-2C5A-4BEC-8664-CB41FF334A3A}.Release|Any CPU.ActiveCfg = Release|Any CPU
		{D0AD8A97-2C5A-4BEC-8664-CB41FF334A3A}.Release|Any CPU.Build.0 = Release|Any CPU
		{9EB7D24D-C74A-4C26-A012-6B70A5CC1D2C}.Debug|Any CPU.ActiveCfg = Debug|Any CPU
		{9EB7D24D-C74A-4C26-A012-6B70A5CC1D2C}.Debug|Any CPU.Build.0 = Debug|Any CPU
		{9EB7D24D-C74A-4C26-A012-6B70A5CC1D2C}.Release|Any CPU.ActiveCfg = Release|Any CPU
		{9EB7D24D-C74A-4C26-A012-6B70A5CC1D2C}.Release|Any CPU.Build.0 = Release|Any CPU
	EndGlobalSection
	GlobalSection(NestedProjects) = preSolution
		{769C77E3-B08F-4780-A40B-64FF286D5106} = {F52A81D6-AA00-4711-81DA-FC08C463B8ED}
		{AA480E50-14FC-4899-AAC5-6DFA0AF7E7AB} = {89B797E0-03B9-4021-8F5F-FD4520193272}
		{4A28C648-B8B4-4574-BCC8-0828F8B939A0} = {89B797E0-03B9-4021-8F5F-FD4520193272}
		{3B50218D-8B95-422C-BC29-8200D02450E5} = {EA1B95C8-1AA0-4C3C-83B1-4071BA9FE284}
		{E63C4F08-B9F6-4A93-A95B-3E8BCF18BBEF} = {EA1B95C8-1AA0-4C3C-83B1-4071BA9FE284}
		{8E07E3B2-2C92-4A97-B8F0-C485CB5DA8C3} = {9079D1AE-A9EB-4373-B83B-76ABFEF93773}
		{D0AD8A97-2C5A-4BEC-8664-CB41FF334A3A} = {F52A81D6-AA00-4711-81DA-FC08C463B8ED}
		{9EB7D24D-C74A-4C26-A012-6B70A5CC1D2C} = {F52A81D6-AA00-4711-81DA-FC08C463B8ED}
	EndGlobalSection
EndGlobal
