
Microsoft Visual Studio Solution File, Format Version 12.00
Project("{FAE04EC0-301F-11D3-BF4B-00C04F79EFBC}") = "SpendingTracker.TelegramBot", "SpendingTracker.TelegramBot\SpendingTracker.TelegramBot.csproj", "{D2EF8475-1AF7-459E-AFA8-F0EC7109C50F}"
EndProject
Project("{FAE04EC0-301F-11D3-BF4B-00C04F79EFBC}") = "SpendingTracker.Domain", "SpendingTracker.Domain\SpendingTracker.Domain.csproj", "{5C177ED6-D3E6-40C7-9A99-E40C3A19FA87}"
EndProject
Project("{FAE04EC0-301F-11D3-BF4B-00C04F79EFBC}") = "SpendingTracker.Dispatcher", "SpendingTracker.Dispatcher\SpendingTracker.Dispatcher.csproj", "{59CDB69D-C589-48D5-A4F4-9B9453CBF38F}"
EndProject
Project("{FAE04EC0-301F-11D3-BF4B-00C04F79EFBC}") = "SpendingTracker.Common", "SpendingTracker.Common\SpendingTracker.Common.csproj", "{50C4920B-A376-4DFE-80AF-4470B4AD70F4}"
EndProject
Project("{FAE04EC0-301F-11D3-BF4B-00C04F79EFBC}") = "SpendingTracker.Infrastructure", "SpendingTracker.Infrastructure\SpendingTracker.Infrastructure.csproj", "{81356564-451B-49A0-BE05-C2C2BEB16BDB}"
EndProject
Project("{2150E333-8FDC-42A3-9474-1A3956D46DE8}") = "SoluitionItems", "SoluitionItems", "{9CA16F2A-49DE-4546-ABF9-4FC70CB3B93F}"
	ProjectSection(SolutionItems) = preProject
		..\TODO.txt = ..\TODO.txt
		..\docker-compose.yml = ..\docker-compose.yml
		..\Docker notes.txt = ..\Docker notes.txt
	EndProjectSection
EndProject
Project("{FAE04EC0-301F-11D3-BF4B-00C04F79EFBC}") = "SpendingTracker.Infrastructure.Abstractions", "SpendingTracker.Infrastructure.Abstractions\SpendingTracker.Infrastructure.Abstractions.csproj", "{D8E8017D-C73F-4528-A234-6B4B63DF4FF1}"
EndProject
Project("{FAE04EC0-301F-11D3-BF4B-00C04F79EFBC}") = "SpendingTracker.GenericSubDomain", "SpendingTracker.GenericSubDomain\SpendingTracker.GenericSubDomain.csproj", "{AA480E50-14FC-4899-AAC5-6DFA0AF7E7AB}"
EndProject
Project("{FAE04EC0-301F-11D3-BF4B-00C04F79EFBC}") = "SpendingTracker.WebApp", "SpendingTracker.WebApp\SpendingTracker.WebApp.csproj", "{769C77E3-B08F-4780-A40B-64FF286D5106}"
EndProject
Project("{2150E333-8FDC-42A3-9474-1A3956D46DE8}") = "Presentation", "Presentation", "{F52A81D6-AA00-4711-81DA-FC08C463B8ED}"
EndProject
Project("{FAE04EC0-301F-11D3-BF4B-00C04F79EFBC}") = "SpendingTracker.TelegramBot.Internal", "SpendingTracker.TelegramBot.Internal\SpendingTracker.TelegramBot.Internal.csproj", "{66B523E2-5244-45E2-A954-BED52178CE59}"
EndProject
Project("{FAE04EC0-301F-11D3-BF4B-00C04F79EFBC}") = "SpendingTracker.Application", "SpendingTracker.Application\SpendingTracker.Application.csproj", "{DEFCCF6D-3757-4AE6-9E95-435720816503}"
EndProject
Global
	GlobalSection(SolutionConfigurationPlatforms) = preSolution
		Debug|Any CPU = Debug|Any CPU
		Release|Any CPU = Release|Any CPU
	EndGlobalSection
	GlobalSection(ProjectConfigurationPlatforms) = postSolution
		{D2EF8475-1AF7-459E-AFA8-F0EC7109C50F}.Debug|Any CPU.ActiveCfg = Debug|Any CPU
		{D2EF8475-1AF7-459E-AFA8-F0EC7109C50F}.Debug|Any CPU.Build.0 = Debug|Any CPU
		{D2EF8475-1AF7-459E-AFA8-F0EC7109C50F}.Release|Any CPU.ActiveCfg = Release|Any CPU
		{D2EF8475-1AF7-459E-AFA8-F0EC7109C50F}.Release|Any CPU.Build.0 = Release|Any CPU
		{5C177ED6-D3E6-40C7-9A99-E40C3A19FA87}.Debug|Any CPU.ActiveCfg = Debug|Any CPU
		{5C177ED6-D3E6-40C7-9A99-E40C3A19FA87}.Debug|Any CPU.Build.0 = Debug|Any CPU
		{5C177ED6-D3E6-40C7-9A99-E40C3A19FA87}.Release|Any CPU.ActiveCfg = Release|Any CPU
		{5C177ED6-D3E6-40C7-9A99-E40C3A19FA87}.Release|Any CPU.Build.0 = Release|Any CPU
		{59CDB69D-C589-48D5-A4F4-9B9453CBF38F}.Debug|Any CPU.ActiveCfg = Debug|Any CPU
		{59CDB69D-C589-48D5-A4F4-9B9453CBF38F}.Debug|Any CPU.Build.0 = Debug|Any CPU
		{59CDB69D-C589-48D5-A4F4-9B9453CBF38F}.Release|Any CPU.ActiveCfg = Release|Any CPU
		{59CDB69D-C589-48D5-A4F4-9B9453CBF38F}.Release|Any CPU.Build.0 = Release|Any CPU
		{50C4920B-A376-4DFE-80AF-4470B4AD70F4}.Debug|Any CPU.ActiveCfg = Debug|Any CPU
		{50C4920B-A376-4DFE-80AF-4470B4AD70F4}.Debug|Any CPU.Build.0 = Debug|Any CPU
		{50C4920B-A376-4DFE-80AF-4470B4AD70F4}.Release|Any CPU.ActiveCfg = Release|Any CPU
		{50C4920B-A376-4DFE-80AF-4470B4AD70F4}.Release|Any CPU.Build.0 = Release|Any CPU
		{81356564-451B-49A0-BE05-C2C2BEB16BDB}.Debug|Any CPU.ActiveCfg = Debug|Any CPU
		{81356564-451B-49A0-BE05-C2C2BEB16BDB}.Debug|Any CPU.Build.0 = Debug|Any CPU
		{81356564-451B-49A0-BE05-C2C2BEB16BDB}.Release|Any CPU.ActiveCfg = Release|Any CPU
		{81356564-451B-49A0-BE05-C2C2BEB16BDB}.Release|Any CPU.Build.0 = Release|Any CPU
		{D8E8017D-C73F-4528-A234-6B4B63DF4FF1}.Debug|Any CPU.ActiveCfg = Debug|Any CPU
		{D8E8017D-C73F-4528-A234-6B4B63DF4FF1}.Debug|Any CPU.Build.0 = Debug|Any CPU
		{D8E8017D-C73F-4528-A234-6B4B63DF4FF1}.Release|Any CPU.ActiveCfg = Release|Any CPU
		{D8E8017D-C73F-4528-A234-6B4B63DF4FF1}.Release|Any CPU.Build.0 = Release|Any CPU
		{AA480E50-14FC-4899-AAC5-6DFA0AF7E7AB}.Debug|Any CPU.ActiveCfg = Debug|Any CPU
		{AA480E50-14FC-4899-AAC5-6DFA0AF7E7AB}.Debug|Any CPU.Build.0 = Debug|Any CPU
		{AA480E50-14FC-4899-AAC5-6DFA0AF7E7AB}.Release|Any CPU.ActiveCfg = Release|Any CPU
		{AA480E50-14FC-4899-AAC5-6DFA0AF7E7AB}.Release|Any CPU.Build.0 = Release|Any CPU
		{769C77E3-B08F-4780-A40B-64FF286D5106}.Debug|Any CPU.ActiveCfg = Debug|Any CPU
		{769C77E3-B08F-4780-A40B-64FF286D5106}.Debug|Any CPU.Build.0 = Debug|Any CPU
		{769C77E3-B08F-4780-A40B-64FF286D5106}.Release|Any CPU.ActiveCfg = Release|Any CPU
		{769C77E3-B08F-4780-A40B-64FF286D5106}.Release|Any CPU.Build.0 = Release|Any CPU
		{66B523E2-5244-45E2-A954-BED52178CE59}.Debug|Any CPU.ActiveCfg = Debug|Any CPU
		{66B523E2-5244-45E2-A954-BED52178CE59}.Debug|Any CPU.Build.0 = Debug|Any CPU
		{66B523E2-5244-45E2-A954-BED52178CE59}.Release|Any CPU.ActiveCfg = Release|Any CPU
		{66B523E2-5244-45E2-A954-BED52178CE59}.Release|Any CPU.Build.0 = Release|Any CPU
		{DEFCCF6D-3757-4AE6-9E95-435720816503}.Debug|Any CPU.ActiveCfg = Debug|Any CPU
		{DEFCCF6D-3757-4AE6-9E95-435720816503}.Debug|Any CPU.Build.0 = Debug|Any CPU
		{DEFCCF6D-3757-4AE6-9E95-435720816503}.Release|Any CPU.ActiveCfg = Release|Any CPU
		{DEFCCF6D-3757-4AE6-9E95-435720816503}.Release|Any CPU.Build.0 = Release|Any CPU
	EndGlobalSection
	GlobalSection(NestedProjects) = preSolution
		{769C77E3-B08F-4780-A40B-64FF286D5106} = {F52A81D6-AA00-4711-81DA-FC08C463B8ED}
		{D2EF8475-1AF7-459E-AFA8-F0EC7109C50F} = {F52A81D6-AA00-4711-81DA-FC08C463B8ED}
		{66B523E2-5244-45E2-A954-BED52178CE59} = {F52A81D6-AA00-4711-81DA-FC08C463B8ED}
	EndGlobalSection
EndGlobal
